
Microsoft Visual Studio Solution File, Format Version 12.00
# Visual Studio Version 17
VisualStudioVersion = 17.11.35219.272
MinimumVisualStudioVersion = 10.0.40219.1
Project("{FAE04EC0-301F-11D3-BF4B-00C04F79EFBC}") = "BrokerRecon", "BrokerRecon.csproj", "{AB82C298-02E1-476F-A4FE-F998B7026A78}"
EndProject
Global
	GlobalSection(SolutionConfigurationPlatforms) = preSolution
		Debug|Any CPU = Debug|Any CPU
		Release|Any CPU = Release|Any CPU
	EndGlobalSection
	GlobalSection(ProjectConfigurationPlatforms) = postSolution
		{AB82C298-02E1-476F-A4FE-F998B7026A78}.Debug|Any CPU.ActiveCfg = Debug|Any CPU
		{AB82C298-02E1-476F-A4FE-F998B7026A78}.Debug|Any CPU.Build.0 = Debug|Any CPU
		{AB82C298-02E1-476F-A4FE-F998B7026A78}.Release|Any CPU.ActiveCfg = Release|Any CPU
		{AB82C298-02E1-476F-A4FE-F998B7026A78}.Release|Any CPU.Build.0 = Release|Any CPU
	EndGlobalSection
	GlobalSection(SolutionProperties) = preSolution
		HideSolutionNode = FALSE
	EndGlobalSection
	GlobalSection(ExtensibilityGlobals) = postSolution
		SolutionGuid = {42B5373C-A480-4FFC-BE0C-3D65C4AEC502}
	EndGlobalSection
EndGlobal
